
Microsoft Visual Studio Solution File, Format Version 12.00
# Visual Studio Version 17
VisualStudioVersion = 17.5.33502.453
MinimumVisualStudioVersion = 10.0.40219.1
Project("{9A19103F-16F7-4668-BE54-9A1E7A4F7556}") = "Boutquin.Trading.Domain", "Boutquin.Trading.Domain\Boutquin.Trading.Domain.csproj", "{9CAA35FB-CFA4-4612-B339-16FCE01BDD97}"
EndProject
Project("{9A19103F-16F7-4668-BE54-9A1E7A4F7556}") = "Boutquin.Trading.UnitTests", "Boutquin.Trading.UnitTests\Boutquin.Trading.UnitTests.csproj", "{FAEAA20A-0F8F-4989-A7F3-D533A0CAA29B}"
EndProject
Project("{9A19103F-16F7-4668-BE54-9A1E7A4F7556}") = "Boutquin.Trading.BenchMark", "Boutquin.Trading.BenchMark\Boutquin.Trading.BenchMark.csproj", "{54FBD742-26BE-473E-965D-45EEF5118558}"
EndProject
Project("{2150E333-8FDC-42A3-9474-1A3956D46DE8}") = "Solution Items", "Solution Items", "{B050C811-A865-4C21-8B79-878EEFE02FD8}"
	ProjectSection(SolutionItems) = preProject
		.editorConfig = .editorConfig
		CommonAssemblyInfo.props = CommonAssemblyInfo.props
		LICENSE.txt = LICENSE.txt
		README.md = README.md
	EndProjectSection
EndProject
Project("{9A19103F-16F7-4668-BE54-9A1E7A4F7556}") = "Boutquin.Trading.DataAccess", "Boutquin.Trading.DataAccess\Boutquin.Trading.DataAccess.csproj", "{F0AEA70D-64CF-4916-A95C-2C027360AAA4}"
EndProject
Project("{FAE04EC0-301F-11D3-BF4B-00C04F79EFBC}") = "Boutquin.Trading.Application", "Boutquin.Trading.Application\Boutquin.Trading.Application.csproj", "{03337BB5-E5C1-4E5F-8CB3-6AD3FECAB5C0}"
EndProject
Global
	GlobalSection(SolutionConfigurationPlatforms) = preSolution
		Debug|Any CPU = Debug|Any CPU
		Release|Any CPU = Release|Any CPU
	EndGlobalSection
	GlobalSection(ProjectConfigurationPlatforms) = postSolution
		{9CAA35FB-CFA4-4612-B339-16FCE01BDD97}.Debug|Any CPU.ActiveCfg = Debug|Any CPU
		{9CAA35FB-CFA4-4612-B339-16FCE01BDD97}.Debug|Any CPU.Build.0 = Debug|Any CPU
		{9CAA35FB-CFA4-4612-B339-16FCE01BDD97}.Release|Any CPU.ActiveCfg = Release|Any CPU
		{9CAA35FB-CFA4-4612-B339-16FCE01BDD97}.Release|Any CPU.Build.0 = Release|Any CPU
		{FAEAA20A-0F8F-4989-A7F3-D533A0CAA29B}.Debug|Any CPU.ActiveCfg = Debug|Any CPU
		{FAEAA20A-0F8F-4989-A7F3-D533A0CAA29B}.Debug|Any CPU.Build.0 = Debug|Any CPU
		{FAEAA20A-0F8F-4989-A7F3-D533A0CAA29B}.Release|Any CPU.ActiveCfg = Release|Any CPU
		{FAEAA20A-0F8F-4989-A7F3-D533A0CAA29B}.Release|Any CPU.Build.0 = Release|Any CPU
		{54FBD742-26BE-473E-965D-45EEF5118558}.Debug|Any CPU.ActiveCfg = Debug|Any CPU
		{54FBD742-26BE-473E-965D-45EEF5118558}.Debug|Any CPU.Build.0 = Debug|Any CPU
		{54FBD742-26BE-473E-965D-45EEF5118558}.Release|Any CPU.ActiveCfg = Release|Any CPU
		{54FBD742-26BE-473E-965D-45EEF5118558}.Release|Any CPU.Build.0 = Release|Any CPU
		{F0AEA70D-64CF-4916-A95C-2C027360AAA4}.Debug|Any CPU.ActiveCfg = Debug|Any CPU
		{F0AEA70D-64CF-4916-A95C-2C027360AAA4}.Debug|Any CPU.Build.0 = Debug|Any CPU
		{F0AEA70D-64CF-4916-A95C-2C027360AAA4}.Release|Any CPU.ActiveCfg = Release|Any CPU
		{F0AEA70D-64CF-4916-A95C-2C027360AAA4}.Release|Any CPU.Build.0 = Release|Any CPU
		{03337BB5-E5C1-4E5F-8CB3-6AD3FECAB5C0}.Debug|Any CPU.ActiveCfg = Debug|Any CPU
		{03337BB5-E5C1-4E5F-8CB3-6AD3FECAB5C0}.Debug|Any CPU.Build.0 = Debug|Any CPU
		{03337BB5-E5C1-4E5F-8CB3-6AD3FECAB5C0}.Release|Any CPU.ActiveCfg = Release|Any CPU
		{03337BB5-E5C1-4E5F-8CB3-6AD3FECAB5C0}.Release|Any CPU.Build.0 = Release|Any CPU
	EndGlobalSection
	GlobalSection(SolutionProperties) = preSolution
		HideSolutionNode = FALSE
	EndGlobalSection
	GlobalSection(ExtensibilityGlobals) = postSolution
		SolutionGuid = {9E17A840-91E3-4E26-AAEA-E1B22607B319}
	EndGlobalSection
EndGlobal
