
Microsoft Visual Studio Solution File, Format Version 12.00
# Visual Studio Version 17
VisualStudioVersion = 17.5.33502.453
MinimumVisualStudioVersion = 10.0.40219.1
Project("{2150E333-8FDC-42A3-9474-1A3956D46DE8}") = "src", "src", "{91814512-0BDD-46DB-A4FE-C3D8CF4EB9EE}"
EndProject
Project("{2150E333-8FDC-42A3-9474-1A3956D46DE8}") = "tests", "tests", "{60562153-9885-4130-923B-D732DDBF3DC5}"
EndProject
Project("{2150E333-8FDC-42A3-9474-1A3956D46DE8}") = "benchmarks", "benchmarks", "{3CAB4CED-1004-4B18-8D42-EBF9B4564BAD}"
EndProject
Project("{2150E333-8FDC-42A3-9474-1A3956D46DE8}") = "Solution Items", "Solution Items", "{B050C811-A865-4C21-8B79-878EEFE02FD8}"
	ProjectSection(SolutionItems) = preProject
		.editorconfig = .editorconfig
		ARCHITECTURE.md = ARCHITECTURE.md
		CHANGELOG.md = CHANGELOG.md
		CODE_OF_CONDUCT.md = CODE_OF_CONDUCT.md
		CONTRIBUTING.md = CONTRIBUTING.md
		Directory.Build.props = Directory.Build.props
		global.json = global.json
		LICENSE.txt = LICENSE.txt
		README.md = README.md
		.github\workflows\pr-verify.yml = .github\workflows\pr-verify.yml
	EndProjectSection
EndProject
Project("{9A19103F-16F7-4668-BE54-9A1E7A4F7556}") = "Boutquin.Trading.Domain", "src\Domain\Boutquin.Trading.Domain.csproj", "{9CAA35FB-CFA4-4612-B339-16FCE01BDD97}"
EndProject
Project("{9A19103F-16F7-4668-BE54-9A1E7A4F7556}") = "Boutquin.Trading.Application", "src\Application\Boutquin.Trading.Application.csproj", "{03337BB5-E5C1-4E5F-8CB3-6AD3FECAB5C0}"
EndProject
Project("{9A19103F-16F7-4668-BE54-9A1E7A4F7556}") = "Boutquin.Trading.DataAccess", "src\DataAccess\Boutquin.Trading.DataAccess.csproj", "{F0AEA70D-64CF-4916-A95C-2C027360AAA4}"
EndProject
Project("{9A19103F-16F7-4668-BE54-9A1E7A4F7556}") = "Boutquin.Trading.Data.Tiingo", "src\Data.Tiingo\Boutquin.Trading.Data.Tiingo.csproj", "{729812D8-57BF-4736-A7E5-5E8B30A2E849}"
EndProject
Project("{9A19103F-16F7-4668-BE54-9A1E7A4F7556}") = "Boutquin.Trading.Data.Frankfurter", "src\Data.Frankfurter\Boutquin.Trading.Data.Frankfurter.csproj", "{D1A2B149-3E3B-4284-BFCB-4524D324EA57}"
EndProject
Project("{9A19103F-16F7-4668-BE54-9A1E7A4F7556}") = "Boutquin.Trading.Data.CSV", "src\Data.CSV\Boutquin.Trading.Data.CSV.csproj", "{20FD50C1-28A6-4788-BC10-B54786D8924B}"
EndProject
Project("{9A19103F-16F7-4668-BE54-9A1E7A4F7556}") = "Boutquin.Trading.Data.Processor", "src\Data.Processor\Boutquin.Trading.Data.Processor.csproj", "{BB26D311-AFF9-46CA-BD9C-78C04F9B1886}"
EndProject
Project("{9A19103F-16F7-4668-BE54-9A1E7A4F7556}") = "Boutquin.Trading.BackTest", "src\BackTest\Boutquin.Trading.BackTest.csproj", "{97A9B6ED-6B49-4FC2-B7AC-549FEF2E4F1A}"
EndProject
Project("{9A19103F-16F7-4668-BE54-9A1E7A4F7556}") = "Boutquin.Trading.Sample", "src\Sample\Boutquin.Trading.Sample.csproj", "{BB412560-3147-46B3-8211-DF4076A402C9}"
EndProject
Project("{9A19103F-16F7-4668-BE54-9A1E7A4F7556}") = "Boutquin.Trading.Tests.UnitTests", "tests\UnitTests\Boutquin.Trading.Tests.UnitTests.csproj", "{FAEAA20A-0F8F-4989-A7F3-D533A0CAA29B}"
EndProject
Project("{9A19103F-16F7-4668-BE54-9A1E7A4F7556}") = "Boutquin.Trading.Tests.ArchitectureTests", "tests\ArchitectureTests\Boutquin.Trading.Tests.ArchitectureTests.csproj", "{E9F1E5B8-E222-49D1-B8DB-E5D4699A14C4}"
EndProject
Project("{9A19103F-16F7-4668-BE54-9A1E7A4F7556}") = "Boutquin.Trading.BenchMark", "benchmarks\BenchMark\Boutquin.Trading.BenchMark.csproj", "{54FBD742-26BE-473E-965D-45EEF5118558}"
EndProject
Project("{FAE04EC0-301F-11D3-BF4B-00C04F79EFBC}") = "Boutquin.Trading.Data.Fred", "src\Data.Fred\Boutquin.Trading.Data.Fred.csproj", "{C916A5ED-A673-48FB-9A03-0A40C87A37FC}"
EndProject
Project("{FAE04EC0-301F-11D3-BF4B-00C04F79EFBC}") = "Boutquin.Trading.Data.FamaFrench", "src\Data.FamaFrench\Boutquin.Trading.Data.FamaFrench.csproj", "{77E25966-3215-444E-B0B5-0D803D74E33C}"
EndProject
Project("{FAE04EC0-301F-11D3-BF4B-00C04F79EFBC}") = "Boutquin.Trading.Data.TwelveData", "src\Data.TwelveData\Boutquin.Trading.Data.TwelveData.csproj", "{A3B7C8D9-1E2F-4A5B-9C6D-7E8F0A1B2C3D}"
EndProject
Global
	GlobalSection(SolutionConfigurationPlatforms) = preSolution
		Debug|Any CPU = Debug|Any CPU
		Debug|x64 = Debug|x64
		Debug|x86 = Debug|x86
		Release|Any CPU = Release|Any CPU
		Release|x64 = Release|x64
		Release|x86 = Release|x86
	EndGlobalSection
	GlobalSection(ProjectConfigurationPlatforms) = postSolution
		{9CAA35FB-CFA4-4612-B339-16FCE01BDD97}.Debug|Any CPU.ActiveCfg = Debug|Any CPU
		{9CAA35FB-CFA4-4612-B339-16FCE01BDD97}.Debug|Any CPU.Build.0 = Debug|Any CPU
		{9CAA35FB-CFA4-4612-B339-16FCE01BDD97}.Debug|x64.ActiveCfg = Debug|Any CPU
		{9CAA35FB-CFA4-4612-B339-16FCE01BDD97}.Debug|x64.Build.0 = Debug|Any CPU
		{9CAA35FB-CFA4-4612-B339-16FCE01BDD97}.Debug|x86.ActiveCfg = Debug|Any CPU
		{9CAA35FB-CFA4-4612-B339-16FCE01BDD97}.Debug|x86.Build.0 = Debug|Any CPU
		{9CAA35FB-CFA4-4612-B339-16FCE01BDD97}.Release|Any CPU.ActiveCfg = Release|Any CPU
		{9CAA35FB-CFA4-4612-B339-16FCE01BDD97}.Release|Any CPU.Build.0 = Release|Any CPU
		{9CAA35FB-CFA4-4612-B339-16FCE01BDD97}.Release|x64.ActiveCfg = Release|Any CPU
		{9CAA35FB-CFA4-4612-B339-16FCE01BDD97}.Release|x64.Build.0 = Release|Any CPU
		{9CAA35FB-CFA4-4612-B339-16FCE01BDD97}.Release|x86.ActiveCfg = Release|Any CPU
		{9CAA35FB-CFA4-4612-B339-16FCE01BDD97}.Release|x86.Build.0 = Release|Any CPU
		{03337BB5-E5C1-4E5F-8CB3-6AD3FECAB5C0}.Debug|Any CPU.ActiveCfg = Debug|Any CPU
		{03337BB5-E5C1-4E5F-8CB3-6AD3FECAB5C0}.Debug|Any CPU.Build.0 = Debug|Any CPU
		{03337BB5-E5C1-4E5F-8CB3-6AD3FECAB5C0}.Debug|x64.ActiveCfg = Debug|Any CPU
		{03337BB5-E5C1-4E5F-8CB3-6AD3FECAB5C0}.Debug|x64.Build.0 = Debug|Any CPU
		{03337BB5-E5C1-4E5F-8CB3-6AD3FECAB5C0}.Debug|x86.ActiveCfg = Debug|Any CPU
		{03337BB5-E5C1-4E5F-8CB3-6AD3FECAB5C0}.Debug|x86.Build.0 = Debug|Any CPU
		{03337BB5-E5C1-4E5F-8CB3-6AD3FECAB5C0}.Release|Any CPU.ActiveCfg = Release|Any CPU
		{03337BB5-E5C1-4E5F-8CB3-6AD3FECAB5C0}.Release|Any CPU.Build.0 = Release|Any CPU
		{03337BB5-E5C1-4E5F-8CB3-6AD3FECAB5C0}.Release|x64.ActiveCfg = Release|Any CPU
		{03337BB5-E5C1-4E5F-8CB3-6AD3FECAB5C0}.Release|x64.Build.0 = Release|Any CPU
		{03337BB5-E5C1-4E5F-8CB3-6AD3FECAB5C0}.Release|x86.ActiveCfg = Release|Any CPU
		{03337BB5-E5C1-4E5F-8CB3-6AD3FECAB5C0}.Release|x86.Build.0 = Release|Any CPU
		{F0AEA70D-64CF-4916-A95C-2C027360AAA4}.Debug|Any CPU.ActiveCfg = Debug|Any CPU
		{F0AEA70D-64CF-4916-A95C-2C027360AAA4}.Debug|Any CPU.Build.0 = Debug|Any CPU
		{F0AEA70D-64CF-4916-A95C-2C027360AAA4}.Debug|x64.ActiveCfg = Debug|Any CPU
		{F0AEA70D-64CF-4916-A95C-2C027360AAA4}.Debug|x64.Build.0 = Debug|Any CPU
		{F0AEA70D-64CF-4916-A95C-2C027360AAA4}.Debug|x86.ActiveCfg = Debug|Any CPU
		{F0AEA70D-64CF-4916-A95C-2C027360AAA4}.Debug|x86.Build.0 = Debug|Any CPU
		{F0AEA70D-64CF-4916-A95C-2C027360AAA4}.Release|Any CPU.ActiveCfg = Release|Any CPU
		{F0AEA70D-64CF-4916-A95C-2C027360AAA4}.Release|Any CPU.Build.0 = Release|Any CPU
		{F0AEA70D-64CF-4916-A95C-2C027360AAA4}.Release|x64.ActiveCfg = Release|Any CPU
		{F0AEA70D-64CF-4916-A95C-2C027360AAA4}.Release|x64.Build.0 = Release|Any CPU
		{F0AEA70D-64CF-4916-A95C-2C027360AAA4}.Release|x86.ActiveCfg = Release|Any CPU
		{F0AEA70D-64CF-4916-A95C-2C027360AAA4}.Release|x86.Build.0 = Release|Any CPU
		{729812D8-57BF-4736-A7E5-5E8B30A2E849}.Debug|Any CPU.ActiveCfg = Debug|Any CPU
		{729812D8-57BF-4736-A7E5-5E8B30A2E849}.Debug|Any CPU.Build.0 = Debug|Any CPU
		{729812D8-57BF-4736-A7E5-5E8B30A2E849}.Debug|x64.ActiveCfg = Debug|Any CPU
		{729812D8-57BF-4736-A7E5-5E8B30A2E849}.Debug|x64.Build.0 = Debug|Any CPU
		{729812D8-57BF-4736-A7E5-5E8B30A2E849}.Debug|x86.ActiveCfg = Debug|Any CPU
		{729812D8-57BF-4736-A7E5-5E8B30A2E849}.Debug|x86.Build.0 = Debug|Any CPU
		{729812D8-57BF-4736-A7E5-5E8B30A2E849}.Release|Any CPU.ActiveCfg = Release|Any CPU
		{729812D8-57BF-4736-A7E5-5E8B30A2E849}.Release|Any CPU.Build.0 = Release|Any CPU
		{729812D8-57BF-4736-A7E5-5E8B30A2E849}.Release|x64.ActiveCfg = Release|Any CPU
		{729812D8-57BF-4736-A7E5-5E8B30A2E849}.Release|x64.Build.0 = Release|Any CPU
		{729812D8-57BF-4736-A7E5-5E8B30A2E849}.Release|x86.ActiveCfg = Release|Any CPU
		{729812D8-57BF-4736-A7E5-5E8B30A2E849}.Release|x86.Build.0 = Release|Any CPU
		{D1A2B149-3E3B-4284-BFCB-4524D324EA57}.Debug|Any CPU.ActiveCfg = Debug|Any CPU
		{D1A2B149-3E3B-4284-BFCB-4524D324EA57}.Debug|Any CPU.Build.0 = Debug|Any CPU
		{D1A2B149-3E3B-4284-BFCB-4524D324EA57}.Debug|x64.ActiveCfg = Debug|Any CPU
		{D1A2B149-3E3B-4284-BFCB-4524D324EA57}.Debug|x64.Build.0 = Debug|Any CPU
		{D1A2B149-3E3B-4284-BFCB-4524D324EA57}.Debug|x86.ActiveCfg = Debug|Any CPU
		{D1A2B149-3E3B-4284-BFCB-4524D324EA57}.Debug|x86.Build.0 = Debug|Any CPU
		{D1A2B149-3E3B-4284-BFCB-4524D324EA57}.Release|Any CPU.ActiveCfg = Release|Any CPU
		{D1A2B149-3E3B-4284-BFCB-4524D324EA57}.Release|Any CPU.Build.0 = Release|Any CPU
		{D1A2B149-3E3B-4284-BFCB-4524D324EA57}.Release|x64.ActiveCfg = Release|Any CPU
		{D1A2B149-3E3B-4284-BFCB-4524D324EA57}.Release|x64.Build.0 = Release|Any CPU
		{D1A2B149-3E3B-4284-BFCB-4524D324EA57}.Release|x86.ActiveCfg = Release|Any CPU
		{D1A2B149-3E3B-4284-BFCB-4524D324EA57}.Release|x86.Build.0 = Release|Any CPU
		{20FD50C1-28A6-4788-BC10-B54786D8924B}.Debug|Any CPU.ActiveCfg = Debug|Any CPU
		{20FD50C1-28A6-4788-BC10-B54786D8924B}.Debug|Any CPU.Build.0 = Debug|Any CPU
		{20FD50C1-28A6-4788-BC10-B54786D8924B}.Debug|x64.ActiveCfg = Debug|Any CPU
		{20FD50C1-28A6-4788-BC10-B54786D8924B}.Debug|x64.Build.0 = Debug|Any CPU
		{20FD50C1-28A6-4788-BC10-B54786D8924B}.Debug|x86.ActiveCfg = Debug|Any CPU
		{20FD50C1-28A6-4788-BC10-B54786D8924B}.Debug|x86.Build.0 = Debug|Any CPU
		{20FD50C1-28A6-4788-BC10-B54786D8924B}.Release|Any CPU.ActiveCfg = Release|Any CPU
		{20FD50C1-28A6-4788-BC10-B54786D8924B}.Release|Any CPU.Build.0 = Release|Any CPU
		{20FD50C1-28A6-4788-BC10-B54786D8924B}.Release|x64.ActiveCfg = Release|Any CPU
		{20FD50C1-28A6-4788-BC10-B54786D8924B}.Release|x64.Build.0 = Release|Any CPU
		{20FD50C1-28A6-4788-BC10-B54786D8924B}.Release|x86.ActiveCfg = Release|Any CPU
		{20FD50C1-28A6-4788-BC10-B54786D8924B}.Release|x86.Build.0 = Release|Any CPU
		{BB26D311-AFF9-46CA-BD9C-78C04F9B1886}.Debug|Any CPU.ActiveCfg = Debug|Any CPU
		{BB26D311-AFF9-46CA-BD9C-78C04F9B1886}.Debug|Any CPU.Build.0 = Debug|Any CPU
		{BB26D311-AFF9-46CA-BD9C-78C04F9B1886}.Debug|x64.ActiveCfg = Debug|Any CPU
		{BB26D311-AFF9-46CA-BD9C-78C04F9B1886}.Debug|x64.Build.0 = Debug|Any CPU
		{BB26D311-AFF9-46CA-BD9C-78C04F9B1886}.Debug|x86.ActiveCfg = Debug|Any CPU
		{BB26D311-AFF9-46CA-BD9C-78C04F9B1886}.Debug|x86.Build.0 = Debug|Any CPU
		{BB26D311-AFF9-46CA-BD9C-78C04F9B1886}.Release|Any CPU.ActiveCfg = Release|Any CPU
		{BB26D311-AFF9-46CA-BD9C-78C04F9B1886}.Release|Any CPU.Build.0 = Release|Any CPU
		{BB26D311-AFF9-46CA-BD9C-78C04F9B1886}.Release|x64.ActiveCfg = Release|Any CPU
		{BB26D311-AFF9-46CA-BD9C-78C04F9B1886}.Release|x64.Build.0 = Release|Any CPU
		{BB26D311-AFF9-46CA-BD9C-78C04F9B1886}.Release|x86.ActiveCfg = Release|Any CPU
		{BB26D311-AFF9-46CA-BD9C-78C04F9B1886}.Release|x86.Build.0 = Release|Any CPU
		{97A9B6ED-6B49-4FC2-B7AC-549FEF2E4F1A}.Debug|Any CPU.ActiveCfg = Debug|Any CPU
		{97A9B6ED-6B49-4FC2-B7AC-549FEF2E4F1A}.Debug|Any CPU.Build.0 = Debug|Any CPU
		{97A9B6ED-6B49-4FC2-B7AC-549FEF2E4F1A}.Debug|x64.ActiveCfg = Debug|Any CPU
		{97A9B6ED-6B49-4FC2-B7AC-549FEF2E4F1A}.Debug|x64.Build.0 = Debug|Any CPU
		{97A9B6ED-6B49-4FC2-B7AC-549FEF2E4F1A}.Debug|x86.ActiveCfg = Debug|Any CPU
		{97A9B6ED-6B49-4FC2-B7AC-549FEF2E4F1A}.Debug|x86.Build.0 = Debug|Any CPU
		{97A9B6ED-6B49-4FC2-B7AC-549FEF2E4F1A}.Release|Any CPU.ActiveCfg = Release|Any CPU
		{97A9B6ED-6B49-4FC2-B7AC-549FEF2E4F1A}.Release|Any CPU.Build.0 = Release|Any CPU
		{97A9B6ED-6B49-4FC2-B7AC-549FEF2E4F1A}.Release|x64.ActiveCfg = Release|Any CPU
		{97A9B6ED-6B49-4FC2-B7AC-549FEF2E4F1A}.Release|x64.Build.0 = Release|Any CPU
		{97A9B6ED-6B49-4FC2-B7AC-549FEF2E4F1A}.Release|x86.ActiveCfg = Release|Any CPU
		{97A9B6ED-6B49-4FC2-B7AC-549FEF2E4F1A}.Release|x86.Build.0 = Release|Any CPU
		{BB412560-3147-46B3-8211-DF4076A402C9}.Debug|Any CPU.ActiveCfg = Debug|Any CPU
		{BB412560-3147-46B3-8211-DF4076A402C9}.Debug|Any CPU.Build.0 = Debug|Any CPU
		{BB412560-3147-46B3-8211-DF4076A402C9}.Debug|x64.ActiveCfg = Debug|Any CPU
		{BB412560-3147-46B3-8211-DF4076A402C9}.Debug|x64.Build.0 = Debug|Any CPU
		{BB412560-3147-46B3-8211-DF4076A402C9}.Debug|x86.ActiveCfg = Debug|Any CPU
		{BB412560-3147-46B3-8211-DF4076A402C9}.Debug|x86.Build.0 = Debug|Any CPU
		{BB412560-3147-46B3-8211-DF4076A402C9}.Release|Any CPU.ActiveCfg = Release|Any CPU
		{BB412560-3147-46B3-8211-DF4076A402C9}.Release|Any CPU.Build.0 = Release|Any CPU
		{BB412560-3147-46B3-8211-DF4076A402C9}.Release|x64.ActiveCfg = Release|Any CPU
		{BB412560-3147-46B3-8211-DF4076A402C9}.Release|x64.Build.0 = Release|Any CPU
		{BB412560-3147-46B3-8211-DF4076A402C9}.Release|x86.ActiveCfg = Release|Any CPU
		{BB412560-3147-46B3-8211-DF4076A402C9}.Release|x86.Build.0 = Release|Any CPU
		{FAEAA20A-0F8F-4989-A7F3-D533A0CAA29B}.Debug|Any CPU.ActiveCfg = Debug|Any CPU
		{FAEAA20A-0F8F-4989-A7F3-D533A0CAA29B}.Debug|Any CPU.Build.0 = Debug|Any CPU
		{FAEAA20A-0F8F-4989-A7F3-D533A0CAA29B}.Debug|x64.ActiveCfg = Debug|Any CPU
		{FAEAA20A-0F8F-4989-A7F3-D533A0CAA29B}.Debug|x64.Build.0 = Debug|Any CPU
		{FAEAA20A-0F8F-4989-A7F3-D533A0CAA29B}.Debug|x86.ActiveCfg = Debug|Any CPU
		{FAEAA20A-0F8F-4989-A7F3-D533A0CAA29B}.Debug|x86.Build.0 = Debug|Any CPU
		{FAEAA20A-0F8F-4989-A7F3-D533A0CAA29B}.Release|Any CPU.ActiveCfg = Release|Any CPU
		{FAEAA20A-0F8F-4989-A7F3-D533A0CAA29B}.Release|Any CPU.Build.0 = Release|Any CPU
		{FAEAA20A-0F8F-4989-A7F3-D533A0CAA29B}.Release|x64.ActiveCfg = Release|Any CPU
		{FAEAA20A-0F8F-4989-A7F3-D533A0CAA29B}.Release|x64.Build.0 = Release|Any CPU
		{FAEAA20A-0F8F-4989-A7F3-D533A0CAA29B}.Release|x86.ActiveCfg = Release|Any CPU
		{FAEAA20A-0F8F-4989-A7F3-D533A0CAA29B}.Release|x86.Build.0 = Release|Any CPU
		{E9F1E5B8-E222-49D1-B8DB-E5D4699A14C4}.Debug|Any CPU.ActiveCfg = Debug|Any CPU
		{E9F1E5B8-E222-49D1-B8DB-E5D4699A14C4}.Debug|Any CPU.Build.0 = Debug|Any CPU
		{E9F1E5B8-E222-49D1-B8DB-E5D4699A14C4}.Debug|x64.ActiveCfg = Debug|Any CPU
		{E9F1E5B8-E222-49D1-B8DB-E5D4699A14C4}.Debug|x64.Build.0 = Debug|Any CPU
		{E9F1E5B8-E222-49D1-B8DB-E5D4699A14C4}.Debug|x86.ActiveCfg = Debug|Any CPU
		{E9F1E5B8-E222-49D1-B8DB-E5D4699A14C4}.Debug|x86.Build.0 = Debug|Any CPU
		{E9F1E5B8-E222-49D1-B8DB-E5D4699A14C4}.Release|Any CPU.ActiveCfg = Release|Any CPU
		{E9F1E5B8-E222-49D1-B8DB-E5D4699A14C4}.Release|Any CPU.Build.0 = Release|Any CPU
		{E9F1E5B8-E222-49D1-B8DB-E5D4699A14C4}.Release|x64.ActiveCfg = Release|Any CPU
		{E9F1E5B8-E222-49D1-B8DB-E5D4699A14C4}.Release|x64.Build.0 = Release|Any CPU
		{E9F1E5B8-E222-49D1-B8DB-E5D4699A14C4}.Release|x86.ActiveCfg = Release|Any CPU
		{E9F1E5B8-E222-49D1-B8DB-E5D4699A14C4}.Release|x86.Build.0 = Release|Any CPU
		{54FBD742-26BE-473E-965D-45EEF5118558}.Debug|Any CPU.ActiveCfg = Debug|Any CPU
		{54FBD742-26BE-473E-965D-45EEF5118558}.Debug|Any CPU.Build.0 = Debug|Any CPU
		{54FBD742-26BE-473E-965D-45EEF5118558}.Debug|x64.ActiveCfg = Debug|Any CPU
		{54FBD742-26BE-473E-965D-45EEF5118558}.Debug|x64.Build.0 = Debug|Any CPU
		{54FBD742-26BE-473E-965D-45EEF5118558}.Debug|x86.ActiveCfg = Debug|Any CPU
		{54FBD742-26BE-473E-965D-45EEF5118558}.Debug|x86.Build.0 = Debug|Any CPU
		{54FBD742-26BE-473E-965D-45EEF5118558}.Release|Any CPU.ActiveCfg = Release|Any CPU
		{54FBD742-26BE-473E-965D-45EEF5118558}.Release|Any CPU.Build.0 = Release|Any CPU
		{54FBD742-26BE-473E-965D-45EEF5118558}.Release|x64.ActiveCfg = Release|Any CPU
		{54FBD742-26BE-473E-965D-45EEF5118558}.Release|x64.Build.0 = Release|Any CPU
		{54FBD742-26BE-473E-965D-45EEF5118558}.Release|x86.ActiveCfg = Release|Any CPU
		{54FBD742-26BE-473E-965D-45EEF5118558}.Release|x86.Build.0 = Release|Any CPU
		{C916A5ED-A673-48FB-9A03-0A40C87A37FC}.Debug|Any CPU.ActiveCfg = Debug|Any CPU
		{C916A5ED-A673-48FB-9A03-0A40C87A37FC}.Debug|Any CPU.Build.0 = Debug|Any CPU
		{C916A5ED-A673-48FB-9A03-0A40C87A37FC}.Debug|x64.ActiveCfg = Debug|Any CPU
		{C916A5ED-A673-48FB-9A03-0A40C87A37FC}.Debug|x64.Build.0 = Debug|Any CPU
		{C916A5ED-A673-48FB-9A03-0A40C87A37FC}.Debug|x86.ActiveCfg = Debug|Any CPU
		{C916A5ED-A673-48FB-9A03-0A40C87A37FC}.Debug|x86.Build.0 = Debug|Any CPU
		{C916A5ED-A673-48FB-9A03-0A40C87A37FC}.Release|Any CPU.ActiveCfg = Release|Any CPU
		{C916A5ED-A673-48FB-9A03-0A40C87A37FC}.Release|Any CPU.Build.0 = Release|Any CPU
		{C916A5ED-A673-48FB-9A03-0A40C87A37FC}.Release|x64.ActiveCfg = Release|Any CPU
		{C916A5ED-A673-48FB-9A03-0A40C87A37FC}.Release|x64.Build.0 = Release|Any CPU
		{C916A5ED-A673-48FB-9A03-0A40C87A37FC}.Release|x86.ActiveCfg = Release|Any CPU
		{C916A5ED-A673-48FB-9A03-0A40C87A37FC}.Release|x86.Build.0 = Release|Any CPU
		{77E25966-3215-444E-B0B5-0D803D74E33C}.Debug|Any CPU.ActiveCfg = Debug|Any CPU
		{77E25966-3215-444E-B0B5-0D803D74E33C}.Debug|Any CPU.Build.0 = Debug|Any CPU
		{77E25966-3215-444E-B0B5-0D803D74E33C}.Debug|x64.ActiveCfg = Debug|Any CPU
		{77E25966-3215-444E-B0B5-0D803D74E33C}.Debug|x64.Build.0 = Debug|Any CPU
		{77E25966-3215-444E-B0B5-0D803D74E33C}.Debug|x86.ActiveCfg = Debug|Any CPU
		{77E25966-3215-444E-B0B5-0D803D74E33C}.Debug|x86.Build.0 = Debug|Any CPU
		{77E25966-3215-444E-B0B5-0D803D74E33C}.Release|Any CPU.ActiveCfg = Release|Any CPU
		{77E25966-3215-444E-B0B5-0D803D74E33C}.Release|Any CPU.Build.0 = Release|Any CPU
		{77E25966-3215-444E-B0B5-0D803D74E33C}.Release|x64.ActiveCfg = Release|Any CPU
		{77E25966-3215-444E-B0B5-0D803D74E33C}.Release|x64.Build.0 = Release|Any CPU
		{77E25966-3215-444E-B0B5-0D803D74E33C}.Release|x86.ActiveCfg = Release|Any CPU
		{77E25966-3215-444E-B0B5-0D803D74E33C}.Release|x86.Build.0 = Release|Any CPU
		{A3B7C8D9-1E2F-4A5B-9C6D-7E8F0A1B2C3D}.Debug|Any CPU.ActiveCfg = Debug|Any CPU
		{A3B7C8D9-1E2F-4A5B-9C6D-7E8F0A1B2C3D}.Debug|Any CPU.Build.0 = Debug|Any CPU
		{A3B7C8D9-1E2F-4A5B-9C6D-7E8F0A1B2C3D}.Debug|x64.ActiveCfg = Debug|Any CPU
		{A3B7C8D9-1E2F-4A5B-9C6D-7E8F0A1B2C3D}.Debug|x64.Build.0 = Debug|Any CPU
		{A3B7C8D9-1E2F-4A5B-9C6D-7E8F0A1B2C3D}.Debug|x86.ActiveCfg = Debug|Any CPU
		{A3B7C8D9-1E2F-4A5B-9C6D-7E8F0A1B2C3D}.Debug|x86.Build.0 = Debug|Any CPU
		{A3B7C8D9-1E2F-4A5B-9C6D-7E8F0A1B2C3D}.Release|Any CPU.ActiveCfg = Release|Any CPU
		{A3B7C8D9-1E2F-4A5B-9C6D-7E8F0A1B2C3D}.Release|Any CPU.Build.0 = Release|Any CPU
		{A3B7C8D9-1E2F-4A5B-9C6D-7E8F0A1B2C3D}.Release|x64.ActiveCfg = Release|Any CPU
		{A3B7C8D9-1E2F-4A5B-9C6D-7E8F0A1B2C3D}.Release|x64.Build.0 = Release|Any CPU
		{A3B7C8D9-1E2F-4A5B-9C6D-7E8F0A1B2C3D}.Release|x86.ActiveCfg = Release|Any CPU
		{A3B7C8D9-1E2F-4A5B-9C6D-7E8F0A1B2C3D}.Release|x86.Build.0 = Release|Any CPU
	EndGlobalSection
	GlobalSection(SolutionProperties) = preSolution
		HideSolutionNode = FALSE
	EndGlobalSection
	GlobalSection(NestedProjects) = preSolution
		{9CAA35FB-CFA4-4612-B339-16FCE01BDD97} = {91814512-0BDD-46DB-A4FE-C3D8CF4EB9EE}
		{03337BB5-E5C1-4E5F-8CB3-6AD3FECAB5C0} = {91814512-0BDD-46DB-A4FE-C3D8CF4EB9EE}
		{F0AEA70D-64CF-4916-A95C-2C027360AAA4} = {91814512-0BDD-46DB-A4FE-C3D8CF4EB9EE}
		{729812D8-57BF-4736-A7E5-5E8B30A2E849} = {91814512-0BDD-46DB-A4FE-C3D8CF4EB9EE}
		{D1A2B149-3E3B-4284-BFCB-4524D324EA57} = {91814512-0BDD-46DB-A4FE-C3D8CF4EB9EE}
		{20FD50C1-28A6-4788-BC10-B54786D8924B} = {91814512-0BDD-46DB-A4FE-C3D8CF4EB9EE}
		{BB26D311-AFF9-46CA-BD9C-78C04F9B1886} = {91814512-0BDD-46DB-A4FE-C3D8CF4EB9EE}
		{97A9B6ED-6B49-4FC2-B7AC-549FEF2E4F1A} = {91814512-0BDD-46DB-A4FE-C3D8CF4EB9EE}
		{BB412560-3147-46B3-8211-DF4076A402C9} = {91814512-0BDD-46DB-A4FE-C3D8CF4EB9EE}
		{FAEAA20A-0F8F-4989-A7F3-D533A0CAA29B} = {60562153-9885-4130-923B-D732DDBF3DC5}
		{E9F1E5B8-E222-49D1-B8DB-E5D4699A14C4} = {60562153-9885-4130-923B-D732DDBF3DC5}
		{54FBD742-26BE-473E-965D-45EEF5118558} = {3CAB4CED-1004-4B18-8D42-EBF9B4564BAD}
		{C916A5ED-A673-48FB-9A03-0A40C87A37FC} = {91814512-0BDD-46DB-A4FE-C3D8CF4EB9EE}
		{77E25966-3215-444E-B0B5-0D803D74E33C} = {91814512-0BDD-46DB-A4FE-C3D8CF4EB9EE}
		{A3B7C8D9-1E2F-4A5B-9C6D-7E8F0A1B2C3D} = {91814512-0BDD-46DB-A4FE-C3D8CF4EB9EE}
	EndGlobalSection
	GlobalSection(ExtensibilityGlobals) = postSolution
		SolutionGuid = {9E17A840-91E3-4E26-AAEA-E1B22607B319}
	EndGlobalSection
EndGlobal
